
Microsoft Visual Studio Solution File, Format Version 12.00
# Visual Studio Version 17
VisualStudioVersion = 17.14.36429.23 d17.14
MinimumVisualStudioVersion = 10.0.40219.1
Project("{FAE04EC0-301F-11D3-BF4B-00C04F79EFBC}") = "ArithmeticCoder", "ArithmeticCoder\ArithmeticCoder.csproj", "{0E9A49E6-DF5A-46FA-9160-F87AFD7D2FDB}"
EndProject
Global
	GlobalSection(SolutionConfigurationPlatforms) = preSolution
		Debug|Any CPU = Debug|Any CPU
		Release|Any CPU = Release|Any CPU
	EndGlobalSection
	GlobalSection(ProjectConfigurationPlatforms) = postSolution
		{0E9A49E6-DF5A-46FA-9160-F87AFD7D2FDB}.Debug|Any CPU.ActiveCfg = Debug|Any CPU
		{0E9A49E6-DF5A-46FA-9160-F87AFD7D2FDB}.Debug|Any CPU.Build.0 = Debug|Any CPU
		{0E9A49E6-DF5A-46FA-9160-F87AFD7D2FDB}.Release|Any CPU.ActiveCfg = Release|Any CPU
		{0E9A49E6-DF5A-46FA-9160-F87AFD7D2FDB}.Release|Any CPU.Build.0 = Release|Any CPU
	EndGlobalSection
	GlobalSection(SolutionProperties) = preSolution
		HideSolutionNode = FALSE
	EndGlobalSection
	GlobalSection(ExtensibilityGlobals) = postSolution
		SolutionGuid = {6BB6F824-8375-4E30-80AA-2D9376E32B2C}
	EndGlobalSection
EndGlobal
